// !$*UTF8*$!
{
	archiveVersion = 1;
	classes = {
	};
	objectVersion = 77;
	objects = {

/* Begin PBXBuildFile section */
		8D9893B38D044AD3944CE69A /* WidgetKit.framework in Frameworks */ = {isa = PBXBuildFile; fileRef = 7E452FB2BAC24120AC2DC115 /* WidgetKit.framework */; };
		C85A32012F39A7B000217B62 /* AppIntents.framework in Frameworks */ = {isa = PBXBuildFile; fileRef = C85A32002F39A7B000217B62 /* AppIntents.framework */; };
		C85A32112F3AB00100217B62 /* MuscleMap in Frameworks */ = {isa = PBXBuildFile; productRef = C85A32102F3AB00100217B62 /* MuscleMap */; };
		C85A32142F3AC00100217B62 /* RevenueCat in Frameworks */ = {isa = PBXBuildFile; productRef = C85A32122F3AC00100217B62 /* RevenueCat */; };
		C85A32152F3AC00100217B62 /* RevenueCatUI in Frameworks */ = {isa = PBXBuildFile; productRef = C85A32132F3AC00100217B62 /* RevenueCatUI */; };
		EA880FACDBBD473798D3C753 /* WGJWidgetExtension.appex in Embed Foundation Extensions */ = {isa = PBXBuildFile; fileRef = 31E5144B791046F1A717FFBB /* WGJWidgetExtension.appex */; settings = {ATTRIBUTES = (RemoveHeadersOnCopy, ); }; };
/* End PBXBuildFile section */

/* Begin PBXContainerItemProxy section */
		C85A31D52F367BAF00217B62 /* PBXContainerItemProxy */ = {
			isa = PBXContainerItemProxy;
			containerPortal = C85A31BD2F367BAE00217B62 /* Project object */;
			proxyType = 1;
			remoteGlobalIDString = C85A31C42F367BAE00217B62;
			remoteInfo = WGJ;
		};
		C85A31DF2F367BAF00217B62 /* PBXContainerItemProxy */ = {
			isa = PBXContainerItemProxy;
			containerPortal = C85A31BD2F367BAE00217B62 /* Project object */;
			proxyType = 1;
			remoteGlobalIDString = C85A31C42F367BAE00217B62;
			remoteInfo = WGJ;
		};
		D465145C3B95439097399E10 /* PBXContainerItemProxy */ = {
			isa = PBXContainerItemProxy;
			containerPortal = C85A31BD2F367BAE00217B62 /* Project object */;
			proxyType = 1;
			remoteGlobalIDString = C0D3D2FB8E954A6EA2CDDEE5;
			remoteInfo = WGJWidgetExtension;
		};
/* End PBXContainerItemProxy section */

/* Begin PBXCopyFilesBuildPhase section */
		19525F82E2324559A4C343F1 /* Embed Foundation Extensions */ = {
			isa = PBXCopyFilesBuildPhase;
			buildActionMask = 2147483647;
			dstPath = "";
			dstSubfolderSpec = 13;
			files = (
				EA880FACDBBD473798D3C753 /* WGJWidgetExtension.appex in Embed Foundation Extensions */,
			);
			name = "Embed Foundation Extensions";
			runOnlyForDeploymentPostprocessing = 0;
		};
/* End PBXCopyFilesBuildPhase section */

/* Begin PBXFileReference section */
		31E5144B791046F1A717FFBB /* WGJWidgetExtension.appex */ = {isa = PBXFileReference; explicitFileType = "wrapper.app-extension"; includeInIndex = 0; path = WGJWidgetExtension.appex; sourceTree = BUILT_PRODUCTS_DIR; };
		7E452FB2BAC24120AC2DC115 /* WidgetKit.framework */ = {isa = PBXFileReference; lastKnownFileType = wrapper.framework; name = WidgetKit.framework; path = System/Library/Frameworks/WidgetKit.framework; sourceTree = SDKROOT; };
		C85A31C52F367BAE00217B62 /* WGJ.app */ = {isa = PBXFileReference; explicitFileType = wrapper.application; includeInIndex = 0; path = WGJ.app; sourceTree = BUILT_PRODUCTS_DIR; };
		C85A31D42F367BAF00217B62 /* WGJTests.xctest */ = {isa = PBXFileReference; explicitFileType = wrapper.cfbundle; includeInIndex = 0; path = WGJTests.xctest; sourceTree = BUILT_PRODUCTS_DIR; };
		C85A31DE2F367BAF00217B62 /* WGJUITests.xctest */ = {isa = PBXFileReference; explicitFileType = wrapper.cfbundle; includeInIndex = 0; path = WGJUITests.xctest; sourceTree = BUILT_PRODUCTS_DIR; };
		C85A32002F39A7B000217B62 /* AppIntents.framework */ = {isa = PBXFileReference; lastKnownFileType = wrapper.framework; name = AppIntents.framework; path = System/Library/Frameworks/AppIntents.framework; sourceTree = SDKROOT; };
/* End PBXFileReference section */

/* Begin PBXFileSystemSynchronizedBuildFileExceptionSet section */
		6376CEA46B67410F95330E69 /* Exceptions for "WGJWidgetExtension" folder in "WGJWidgetExtension" target */ = {
			isa = PBXFileSystemSynchronizedBuildFileExceptionSet;
			membershipExceptions = (
				Info.plist,
			);
			target = C0D3D2FB8E954A6EA2CDDEE5 /* WGJWidgetExtension */;
		};
/* End PBXFileSystemSynchronizedBuildFileExceptionSet section */

/* Begin PBXFileSystemSynchronizedRootGroup section */
		5FDCCDC93B7C462386C9807A /* WGJ/WidgetShared */ = {
			isa = PBXFileSystemSynchronizedRootGroup;
			path = WGJ/WidgetShared;
			sourceTree = "<group>";
		};
		C85A31C72F367BAE00217B62 /* WGJ */ = {
			isa = PBXFileSystemSynchronizedRootGroup;
			path = WGJ;
			sourceTree = "<group>";
		};
		C85A31D72F367BAF00217B62 /* WGJTests */ = {
			isa = PBXFileSystemSynchronizedRootGroup;
			path = WGJTests;
			sourceTree = "<group>";
		};
		C85A31E12F367BAF00217B62 /* WGJUITests */ = {
			isa = PBXFileSystemSynchronizedRootGroup;
			path = WGJUITests;
			sourceTree = "<group>";
		};
		F7851339077540C68451E76E /* WGJWidgetExtension */ = {
			isa = PBXFileSystemSynchronizedRootGroup;
			exceptions = (
				6376CEA46B67410F95330E69 /* Exceptions for "WGJWidgetExtension" folder in "WGJWidgetExtension" target */,
			);
			path = WGJWidgetExtension;
			sourceTree = "<group>";
		};
/* End PBXFileSystemSynchronizedRootGroup section */

/* Begin PBXFrameworksBuildPhase section */
		C85A31C22F367BAE00217B62 /* Frameworks */ = {
			isa = PBXFrameworksBuildPhase;
			buildActionMask = 2147483647;
			files = (
				C85A32012F39A7B000217B62 /* AppIntents.framework in Frameworks */,
				C85A32112F3AB00100217B62 /* MuscleMap in Frameworks */,
				C85A32142F3AC00100217B62 /* RevenueCat in Frameworks */,
				C85A32152F3AC00100217B62 /* RevenueCatUI in Frameworks */,
			);
			runOnlyForDeploymentPostprocessing = 0;
		};
		C85A31D12F367BAF00217B62 /* Frameworks */ = {
			isa = PBXFrameworksBuildPhase;
			buildActionMask = 2147483647;
			files = (
			);
			runOnlyForDeploymentPostprocessing = 0;
		};
		C85A31DB2F367BAF00217B62 /* Frameworks */ = {
			isa = PBXFrameworksBuildPhase;
			buildActionMask = 2147483647;
			files = (
			);
			runOnlyForDeploymentPostprocessing = 0;
		};
		FB4AC257C23E4A408D53E93A /* Frameworks */ = {
			isa = PBXFrameworksBuildPhase;
			buildActionMask = 2147483647;
			files = (
				8D9893B38D044AD3944CE69A /* WidgetKit.framework in Frameworks */,
			);
			runOnlyForDeploymentPostprocessing = 0;
		};
/* End PBXFrameworksBuildPhase section */

/* Begin PBXGroup section */
		C85A31BC2F367BAE00217B62 = {
			isa = PBXGroup;
			children = (
				C85A31C72F367BAE00217B62 /* WGJ */,
				F7851339077540C68451E76E /* WGJWidgetExtension */,
				C85A31D72F367BAF00217B62 /* WGJTests */,
				C85A31E12F367BAF00217B62 /* WGJUITests */,
				C85A32022F39A7B000217B62 /* Frameworks */,
				C85A31C62F367BAE00217B62 /* Products */,
				C8BCCBA12FD57ABF007D886C /* Recovered References */,
			);
			sourceTree = "<group>";
		};
		C85A31C62F367BAE00217B62 /* Products */ = {
			isa = PBXGroup;
			children = (
				C85A31C52F367BAE00217B62 /* WGJ.app */,
				31E5144B791046F1A717FFBB /* WGJWidgetExtension.appex */,
				C85A31D42F367BAF00217B62 /* WGJTests.xctest */,
				C85A31DE2F367BAF00217B62 /* WGJUITests.xctest */,
			);
			name = Products;
			sourceTree = "<group>";
		};
		C85A32022F39A7B000217B62 /* Frameworks */ = {
			isa = PBXGroup;
			children = (
				C85A32002F39A7B000217B62 /* AppIntents.framework */,
				7E452FB2BAC24120AC2DC115 /* WidgetKit.framework */,
			);
			name = Frameworks;
			sourceTree = "<group>";
		};
		C8BCCBA12FD57ABF007D886C /* Recovered References */ = {
			isa = PBXGroup;
			children = (
				5FDCCDC93B7C462386C9807A /* WGJ/WidgetShared */,
			);
			name = "Recovered References";
			sourceTree = "<group>";
		};
/* End PBXGroup section */

/* Begin PBXNativeTarget section */
		C0D3D2FB8E954A6EA2CDDEE5 /* WGJWidgetExtension */ = {
			isa = PBXNativeTarget;
			buildConfigurationList = 7FC12504937542229DAE903A /* Build configuration list for PBXNativeTarget "WGJWidgetExtension" */;
			buildPhases = (
				636131DFBD6341AC92C5FFFB /* Sources */,
				FB4AC257C23E4A408D53E93A /* Frameworks */,
				0309BE716B4F4202BFAC30F2 /* Resources */,
			);
			buildRules = (
			);
			dependencies = (
			);
			fileSystemSynchronizedGroups = (
				5FDCCDC93B7C462386C9807A /* WGJ/WidgetShared */,
				F7851339077540C68451E76E /* WGJWidgetExtension */,
			);
			name = WGJWidgetExtension;
			packageProductDependencies = (
			);
			productName = WGJWidgetExtension;
			productReference = 31E5144B791046F1A717FFBB /* WGJWidgetExtension.appex */;
			productType = "com.apple.product-type.app-extension";
		};
		C85A31C42F367BAE00217B62 /* WGJ */ = {
			isa = PBXNativeTarget;
			buildConfigurationList = C85A31E82F367BAF00217B62 /* Build configuration list for PBXNativeTarget "WGJ" */;
			buildPhases = (
				C85A31C12F367BAE00217B62 /* Sources */,
				C85A31C22F367BAE00217B62 /* Frameworks */,
				C85A31C32F367BAE00217B62 /* Resources */,
				19525F82E2324559A4C343F1 /* Embed Foundation Extensions */,
			);
			buildRules = (
			);
			dependencies = (
				CAFE0CC613284A98AE819F9D /* PBXTargetDependency */,
			);
			fileSystemSynchronizedGroups = (
				C85A31C72F367BAE00217B62 /* WGJ */,
			);
			name = WGJ;
			packageProductDependencies = (
				C85A32102F3AB00100217B62 /* MuscleMap */,
				C85A32122F3AC00100217B62 /* RevenueCat */,
				C85A32132F3AC00100217B62 /* RevenueCatUI */,
			);
			productName = WGJ;
			productReference = C85A31C52F367BAE00217B62 /* WGJ.app */;
			productType = "com.apple.product-type.application";
		};
		C85A31D32F367BAF00217B62 /* WGJTests */ = {
			isa = PBXNativeTarget;
			buildConfigurationList = C85A31EB2F367BAF00217B62 /* Build configuration list for PBXNativeTarget "WGJTests" */;
			buildPhases = (
				C85A31D02F367BAF00217B62 /* Sources */,
				C85A31D12F367BAF00217B62 /* Frameworks */,
				C85A31D22F367BAF00217B62 /* Resources */,
			);
			buildRules = (
			);
			dependencies = (
				C85A31D62F367BAF00217B62 /* PBXTargetDependency */,
			);
			fileSystemSynchronizedGroups = (
				C85A31D72F367BAF00217B62 /* WGJTests */,
			);
			name = WGJTests;
			packageProductDependencies = (
			);
			productName = WGJTests;
			productReference = C85A31D42F367BAF00217B62 /* WGJTests.xctest */;
			productType = "com.apple.product-type.bundle.unit-test";
		};
		C85A31DD2F367BAF00217B62 /* WGJUITests */ = {
			isa = PBXNativeTarget;
			buildConfigurationList = C85A31EE2F367BAF00217B62 /* Build configuration list for PBXNativeTarget "WGJUITests" */;
			buildPhases = (
				C85A31DA2F367BAF00217B62 /* Sources */,
				C85A31DB2F367BAF00217B62 /* Frameworks */,
				C85A31DC2F367BAF00217B62 /* Resources */,
			);
			buildRules = (
			);
			dependencies = (
				C85A31E02F367BAF00217B62 /* PBXTargetDependency */,
			);
			fileSystemSynchronizedGroups = (
				C85A31E12F367BAF00217B62 /* WGJUITests */,
			);
			name = WGJUITests;
			packageProductDependencies = (
			);
			productName = WGJUITests;
			productReference = C85A31DE2F367BAF00217B62 /* WGJUITests.xctest */;
			productType = "com.apple.product-type.bundle.ui-testing";
		};
/* End PBXNativeTarget section */

/* Begin PBXProject section */
		C85A31BD2F367BAE00217B62 /* Project object */ = {
			isa = PBXProject;
			attributes = {
				BuildIndependentTargetsInParallel = 1;
				LastSwiftUpdateCheck = 2630;
				LastUpgradeCheck = 2640;
				TargetAttributes = {
					C0D3D2FB8E954A6EA2CDDEE5 = {
						CreatedOnToolsVersion = 26.3;
						SystemCapabilities = {
							com.apple.ApplicationGroups.iOS = {
								enabled = 1;
							};
						};
					};
					C85A31C42F367BAE00217B62 = {
						CreatedOnToolsVersion = 26.3;
						SystemCapabilities = {
							com.apple.ApplicationGroups.iOS = {
								enabled = 1;
							};
							com.apple.CloudKit = {
								enabled = 1;
							};
							com.apple.InAppPurchase = {
								enabled = 1;
							};
							com.apple.Push = {
								enabled = 1;
							};
							com.apple.iCloud = {
								enabled = 1;
							};
						};
					};
					C85A31D32F367BAF00217B62 = {
						CreatedOnToolsVersion = 26.3;
						TestTargetID = C85A31C42F367BAE00217B62;
					};
					C85A31DD2F367BAF00217B62 = {
						CreatedOnToolsVersion = 26.3;
						TestTargetID = C85A31C42F367BAE00217B62;
					};
				};
			};
			buildConfigurationList = C85A31C02F367BAE00217B62 /* Build configuration list for PBXProject "WGJ" */;
			developmentRegion = en;
			hasScannedForEncodings = 0;
			knownRegions = (
				en,
				Base,
			);
			mainGroup = C85A31BC2F367BAE00217B62;
			minimizedProjectReferenceProxies = 1;
			packageReferences = (
				C85A320F2F3AB00100217B62 /* XCRemoteSwiftPackageReference "MuscleMap" */,
				C85A32162F3AC00100217B62 /* XCRemoteSwiftPackageReference "purchases-ios-spm" */,
			);
			preferredProjectObjectVersion = 77;
			productRefGroup = C85A31C62F367BAE00217B62 /* Products */;
			projectDirPath = "";
			projectRoot = "";
			targets = (
				C85A31C42F367BAE00217B62 /* WGJ */,
				C0D3D2FB8E954A6EA2CDDEE5 /* WGJWidgetExtension */,
				C85A31D32F367BAF00217B62 /* WGJTests */,
				C85A31DD2F367BAF00217B62 /* WGJUITests */,
			);
		};
/* End PBXProject section */

/* Begin PBXResourcesBuildPhase section */
		0309BE716B4F4202BFAC30F2 /* Resources */ = {
			isa = PBXResourcesBuildPhase;
			buildActionMask = 2147483647;
			files = (
			);
			runOnlyForDeploymentPostprocessing = 0;
		};
		C85A31C32F367BAE00217B62 /* Resources */ = {
			isa = PBXResourcesBuildPhase;
			buildActionMask = 2147483647;
			files = (
			);
			runOnlyForDeploymentPostprocessing = 0;
		};
		C85A31D22F367BAF00217B62 /* Resources */ = {
			isa = PBXResourcesBuildPhase;
			buildActionMask = 2147483647;
			files = (
			);
			runOnlyForDeploymentPostprocessing = 0;
		};
		C85A31DC2F367BAF00217B62 /* Resources */ = {
			isa = PBXResourcesBuildPhase;
			buildActionMask = 2147483647;
			files = (
			);
			runOnlyForDeploymentPostprocessing = 0;
		};
/* End PBXResourcesBuildPhase section */

/* Begin PBXSourcesBuildPhase section */
		636131DFBD6341AC92C5FFFB /* Sources */ = {
			isa = PBXSourcesBuildPhase;
			buildActionMask = 2147483647;
			files = (
			);
			runOnlyForDeploymentPostprocessing = 0;
		};
		C85A31C12F367BAE00217B62 /* Sources */ = {
			isa = PBXSourcesBuildPhase;
			buildActionMask = 2147483647;
			files = (
			);
			runOnlyForDeploymentPostprocessing = 0;
		};
		C85A31D02F367BAF00217B62 /* Sources */ = {
			isa = PBXSourcesBuildPhase;
			buildActionMask = 2147483647;
			files = (
			);
			runOnlyForDeploymentPostprocessing = 0;
		};
		C85A31DA2F367BAF00217B62 /* Sources */ = {
			isa = PBXSourcesBuildPhase;
			buildActionMask = 2147483647;
			files = (
			);
			runOnlyForDeploymentPostprocessing = 0;
		};
/* End PBXSourcesBuildPhase section */

/* Begin PBXTargetDependency section */
		C85A31D62F367BAF00217B62 /* PBXTargetDependency */ = {
			isa = PBXTargetDependency;
			target = C85A31C42F367BAE00217B62 /* WGJ */;
			targetProxy = C85A31D52F367BAF00217B62 /* PBXContainerItemProxy */;
		};
		C85A31E02F367BAF00217B62 /* PBXTargetDependency */ = {
			isa = PBXTargetDependency;
			target = C85A31C42F367BAE00217B62 /* WGJ */;
			targetProxy = C85A31DF2F367BAF00217B62 /* PBXContainerItemProxy */;
		};
		CAFE0CC613284A98AE819F9D /* PBXTargetDependency */ = {
			isa = PBXTargetDependency;
			target = C0D3D2FB8E954A6EA2CDDEE5 /* WGJWidgetExtension */;
			targetProxy = D465145C3B95439097399E10 /* PBXContainerItemProxy */;
		};
/* End PBXTargetDependency section */

/* Begin XCBuildConfiguration section */
		542B8022FE984A7E85BC83BA /* Release */ = {
			isa = XCBuildConfiguration;
			buildSettings = {
				APPLICATION_EXTENSION_API_ONLY = YES;
				ASSETCATALOG_COMPILER_GENERATE_SWIFT_ASSET_SYMBOL_EXTENSIONS = YES;
				CODE_SIGN_ENTITLEMENTS = WGJWidgetExtension/WGJWidgetExtension.entitlements;
				CODE_SIGN_STYLE = Automatic;
				CURRENT_PROJECT_VERSION = 13;
				DEVELOPMENT_TEAM = 4CHUW3PG2V;
				ENABLE_PREVIEWS = YES;
				GENERATE_INFOPLIST_FILE = NO;
				INFOPLIST_FILE = WGJWidgetExtension/Info.plist;
				IPHONEOS_DEPLOYMENT_TARGET = 17.0;
				LD_RUNPATH_SEARCH_PATHS = (
					"$(inherited)",
					"@executable_path/Frameworks",
					"@executable_path/../../Frameworks",
				);
				MARKETING_VERSION = 1.1.0;
				PRODUCT_BUNDLE_IDENTIFIER = se.highball.WeGoJim.WGJWidgetExtension;
				PRODUCT_NAME = "$(TARGET_NAME)";
				SKIP_INSTALL = YES;
				STRING_CATALOG_GENERATE_SYMBOLS = YES;
				SWIFT_APPROACHABLE_CONCURRENCY = YES;
				SWIFT_DEFAULT_ACTOR_ISOLATION = MainActor;
				SWIFT_EMIT_LOC_STRINGS = YES;
				SWIFT_UPCOMING_FEATURE_MEMBER_IMPORT_VISIBILITY = YES;
				SWIFT_VERSION = 5.0;
				TARGETED_DEVICE_FAMILY = "1,2";
				WGJ_APP_GROUP_IDENTIFIER = group.se.highball.WeGoJim;
			};
			name = Release;
		};
		824D5823F5B54C90AC62EEE8 /* Debug */ = {
			isa = XCBuildConfiguration;
			buildSettings = {
				APPLICATION_EXTENSION_API_ONLY = YES;
				ASSETCATALOG_COMPILER_GENERATE_SWIFT_ASSET_SYMBOL_EXTENSIONS = YES;
				CODE_SIGN_ENTITLEMENTS = WGJWidgetExtension/WGJWidgetExtension.entitlements;
				CODE_SIGN_STYLE = Automatic;
				CURRENT_PROJECT_VERSION = 13;
				DEVELOPMENT_TEAM = 4CHUW3PG2V;
				ENABLE_DEBUG_DYLIB = NO;
				ENABLE_PREVIEWS = YES;
				GENERATE_INFOPLIST_FILE = NO;
				INFOPLIST_FILE = WGJWidgetExtension/Info.plist;
				IPHONEOS_DEPLOYMENT_TARGET = 17.0;
				LD_RUNPATH_SEARCH_PATHS = (
					"$(inherited)",
					"@executable_path/Frameworks",
					"@executable_path/../../Frameworks",
				);
				MARKETING_VERSION = 1.1.0;
				PRODUCT_BUNDLE_IDENTIFIER = se.highball.WeGoJim.dev.WGJWidgetExtension;
				"PRODUCT_BUNDLE_IDENTIFIER[sdk=iphonesimulator*]" = se.highball.WeGoJim.WGJWidgetExtension;
				PRODUCT_NAME = "$(TARGET_NAME)";
				SKIP_INSTALL = YES;
				STRING_CATALOG_GENERATE_SYMBOLS = YES;
				SWIFT_APPROACHABLE_CONCURRENCY = YES;
				SWIFT_DEFAULT_ACTOR_ISOLATION = MainActor;
				SWIFT_EMIT_LOC_STRINGS = YES;
				SWIFT_UPCOMING_FEATURE_MEMBER_IMPORT_VISIBILITY = YES;
				SWIFT_VERSION = 5.0;
				TARGETED_DEVICE_FAMILY = "1,2";
				WGJ_APP_GROUP_IDENTIFIER = group.se.highball.WeGoJim;
			};
			name = Debug;
		};
		C85A31E62F367BAF00217B62 /* Debug */ = {
			isa = XCBuildConfiguration;
			buildSettings = {
				ALWAYS_SEARCH_USER_PATHS = NO;
				ASSETCATALOG_COMPILER_GENERATE_SWIFT_ASSET_SYMBOL_EXTENSIONS = YES;
				CLANG_ANALYZER_NONNULL = YES;
				CLANG_ANALYZER_NUMBER_OBJECT_CONVERSION = YES_AGGRESSIVE;
				CLANG_CXX_LANGUAGE_STANDARD = "gnu++20";
				CLANG_ENABLE_MODULES = YES;
				CLANG_ENABLE_OBJC_ARC = YES;
				CLANG_ENABLE_OBJC_WEAK = YES;
				CLANG_WARN_BLOCK_CAPTURE_AUTORELEASING = YES;
				CLANG_WARN_BOOL_CONVERSION = YES;
				CLANG_WARN_COMMA = YES;
				CLANG_WARN_CONSTANT_CONVERSION = YES;
				CLANG_WARN_DEPRECATED_OBJC_IMPLEMENTATIONS = YES;
				CLANG_WARN_DIRECT_OBJC_ISA_USAGE = YES_ERROR;
				CLANG_WARN_DOCUMENTATION_COMMENTS = YES;
				CLANG_WARN_EMPTY_BODY = YES;
				CLANG_WARN_ENUM_CONVERSION = YES;
				CLANG_WARN_INFINITE_RECURSION = YES;
				CLANG_WARN_INT_CONVERSION = YES;
				CLANG_WARN_NON_LITERAL_NULL_CONVERSION = YES;
				CLANG_WARN_OBJC_IMPLICIT_RETAIN_SELF = YES;
				CLANG_WARN_OBJC_LITERAL_CONVERSION = YES;
				CLANG_WARN_OBJC_ROOT_CLASS = YES_ERROR;
				CLANG_WARN_QUOTED_INCLUDE_IN_FRAMEWORK_HEADER = YES;
				CLANG_WARN_RANGE_LOOP_ANALYSIS = YES;
				CLANG_WARN_STRICT_PROTOTYPES = YES;
				CLANG_WARN_SUSPICIOUS_MOVE = YES;
				CLANG_WARN_UNGUARDED_AVAILABILITY = YES_AGGRESSIVE;
				CLANG_WARN_UNREACHABLE_CODE = YES;
				CLANG_WARN__DUPLICATE_METHOD_MATCH = YES;
				COPY_PHASE_STRIP = NO;
				DEBUG_INFORMATION_FORMAT = dwarf;
				DEVELOPMENT_TEAM = 4CHUW3PG2V;
				ENABLE_STRICT_OBJC_MSGSEND = YES;
				ENABLE_TESTABILITY = YES;
				ENABLE_USER_SCRIPT_SANDBOXING = YES;
				GCC_C_LANGUAGE_STANDARD = gnu17;
				GCC_DYNAMIC_NO_PIC = NO;
				GCC_NO_COMMON_BLOCKS = YES;
				GCC_OPTIMIZATION_LEVEL = 0;
				GCC_PREPROCESSOR_DEFINITIONS = (
					"DEBUG=1",
					"$(inherited)",
				);
				GCC_WARN_64_TO_32_BIT_CONVERSION = YES;
				GCC_WARN_ABOUT_RETURN_TYPE = YES_ERROR;
				GCC_WARN_UNDECLARED_SELECTOR = YES;
				GCC_WARN_UNINITIALIZED_AUTOS = YES_AGGRESSIVE;
				GCC_WARN_UNUSED_FUNCTION = YES;
				GCC_WARN_UNUSED_VARIABLE = YES;
				IPHONEOS_DEPLOYMENT_TARGET = 17.0;
				LOCALIZATION_PREFERS_STRING_CATALOGS = YES;
				MTL_ENABLE_DEBUG_INFO = INCLUDE_SOURCE;
				MTL_FAST_MATH = YES;
				ONLY_ACTIVE_ARCH = YES;
				SDKROOT = iphoneos;
				STRING_CATALOG_GENERATE_SYMBOLS = YES;
				SWIFT_ACTIVE_COMPILATION_CONDITIONS = "DEBUG $(inherited)";
				SWIFT_OPTIMIZATION_LEVEL = "-Onone";
			};
			name = Debug;
		};
		C85A31E72F367BAF00217B62 /* Release */ = {
			isa = XCBuildConfiguration;
			buildSettings = {
				ALWAYS_SEARCH_USER_PATHS = NO;
				ASSETCATALOG_COMPILER_GENERATE_SWIFT_ASSET_SYMBOL_EXTENSIONS = YES;
				CLANG_ANALYZER_NONNULL = YES;
				CLANG_ANALYZER_NUMBER_OBJECT_CONVERSION = YES_AGGRESSIVE;
				CLANG_CXX_LANGUAGE_STANDARD = "gnu++20";
				CLANG_ENABLE_MODULES = YES;
				CLANG_ENABLE_OBJC_ARC = YES;
				CLANG_ENABLE_OBJC_WEAK = YES;
				CLANG_WARN_BLOCK_CAPTURE_AUTORELEASING = YES;
				CLANG_WARN_BOOL_CONVERSION = YES;
				CLANG_WARN_COMMA = YES;
				CLANG_WARN_CONSTANT_CONVERSION = YES;
				CLANG_WARN_DEPRECATED_OBJC_IMPLEMENTATIONS = YES;
				CLANG_WARN_DIRECT_OBJC_ISA_USAGE = YES_ERROR;
				CLANG_WARN_DOCUMENTATION_COMMENTS = YES;
				CLANG_WARN_EMPTY_BODY = YES;
				CLANG_WARN_ENUM_CONVERSION = YES;
				CLANG_WARN_INFINITE_RECURSION = YES;
				CLANG_WARN_INT_CONVERSION = YES;
				CLANG_WARN_NON_LITERAL_NULL_CONVERSION = YES;
				CLANG_WARN_OBJC_IMPLICIT_RETAIN_SELF = YES;
				CLANG_WARN_OBJC_LITERAL_CONVERSION = YES;
				CLANG_WARN_OBJC_ROOT_CLASS = YES_ERROR;
				CLANG_WARN_QUOTED_INCLUDE_IN_FRAMEWORK_HEADER = YES;
				CLANG_WARN_RANGE_LOOP_ANALYSIS = YES;
				CLANG_WARN_STRICT_PROTOTYPES = YES;
				CLANG_WARN_SUSPICIOUS_MOVE = YES;
				CLANG_WARN_UNGUARDED_AVAILABILITY = YES_AGGRESSIVE;
				CLANG_WARN_UNREACHABLE_CODE = YES;
				CLANG_WARN__DUPLICATE_METHOD_MATCH = YES;
				COPY_PHASE_STRIP = NO;
				DEBUG_INFORMATION_FORMAT = "dwarf-with-dsym";
				DEVELOPMENT_TEAM = 4CHUW3PG2V;
				ENABLE_NS_ASSERTIONS = NO;
				ENABLE_STRICT_OBJC_MSGSEND = YES;
				ENABLE_USER_SCRIPT_SANDBOXING = YES;
				GCC_C_LANGUAGE_STANDARD = gnu17;
				GCC_NO_COMMON_BLOCKS = YES;
				GCC_WARN_64_TO_32_BIT_CONVERSION = YES;
				GCC_WARN_ABOUT_RETURN_TYPE = YES_ERROR;
				GCC_WARN_UNDECLARED_SELECTOR = YES;
				GCC_WARN_UNINITIALIZED_AUTOS = YES_AGGRESSIVE;
				GCC_WARN_UNUSED_FUNCTION = YES;
				GCC_WARN_UNUSED_VARIABLE = YES;
				IPHONEOS_DEPLOYMENT_TARGET = 17.0;
				LOCALIZATION_PREFERS_STRING_CATALOGS = YES;
				MTL_ENABLE_DEBUG_INFO = NO;
				MTL_FAST_MATH = YES;
				SDKROOT = iphoneos;
				STRING_CATALOG_GENERATE_SYMBOLS = YES;
				SWIFT_COMPILATION_MODE = wholemodule;
				VALIDATE_PRODUCT = YES;
			};
			name = Release;
		};
		C85A31E92F367BAF00217B62 /* Debug */ = {
			isa = XCBuildConfiguration;
			buildSettings = {
				ASSETCATALOG_COMPILER_APPICON_NAME = AppIcon;
				ASSETCATALOG_COMPILER_GLOBAL_ACCENT_COLOR_NAME = AccentColor;
				CODE_SIGN_ENTITLEMENTS = "WGJ/WGJ-Debug.entitlements";
				CODE_SIGN_STYLE = Automatic;
				CURRENT_PROJECT_VERSION = 13;
				DEVELOPMENT_TEAM = 4CHUW3PG2V;
				ENABLE_PREVIEWS = YES;
				GENERATE_INFOPLIST_FILE = NO;
				INFOPLIST_FILE = "WGJ-App-Info.plist";
				INFOPLIST_KEY_CFBundleDisplayName = "We Go Jim";
				INFOPLIST_KEY_LSApplicationCategoryType = "public.app-category.healthcare-fitness";
				IPHONEOS_DEPLOYMENT_TARGET = 17.0;
				LD_RUNPATH_SEARCH_PATHS = (
					"$(inherited)",
					"@executable_path/Frameworks",
				);
				MARKETING_VERSION = 1.1.0;
				PRODUCT_BUNDLE_IDENTIFIER = se.highball.WeGoJim.dev;
				"PRODUCT_BUNDLE_IDENTIFIER[sdk=iphonesimulator*]" = se.highball.WeGoJim;
				PRODUCT_NAME = "$(TARGET_NAME)";
				STRING_CATALOG_GENERATE_SYMBOLS = YES;
				SWIFT_APPROACHABLE_CONCURRENCY = YES;
				SWIFT_DEFAULT_ACTOR_ISOLATION = MainActor;
				SWIFT_EMIT_LOC_STRINGS = YES;
				SWIFT_UPCOMING_FEATURE_MEMBER_IMPORT_VISIBILITY = YES;
				SWIFT_VERSION = 5.0;
				TARGETED_DEVICE_FAMILY = "1,2";
				WGJ_APP_DISPLAY_NAME = "We Go Jim Dev";
				WGJ_APP_ENVIRONMENT = development;
				WGJ_APP_GROUP_IDENTIFIER = group.se.highball.WeGoJim;
				WGJ_CLOUDKIT_CONTAINER_IDENTIFIER = iCloud.se.highball.WeGoJim;
				WGJ_REVENUECAT_API_KEY = test_XUFcsPSSOoRjJduGqgMTQirLDjV;
			};
			name = Debug;
		};
		C85A31EA2F367BAF00217B62 /* Release */ = {
			isa = XCBuildConfiguration;
			buildSettings = {
				ASSETCATALOG_COMPILER_APPICON_NAME = AppIcon;
				ASSETCATALOG_COMPILER_GLOBAL_ACCENT_COLOR_NAME = AccentColor;
				CODE_SIGN_ENTITLEMENTS = "WGJ/WGJ-Release.entitlements";
				CODE_SIGN_STYLE = Automatic;
				CURRENT_PROJECT_VERSION = 13;
				DEVELOPMENT_TEAM = 4CHUW3PG2V;
				ENABLE_PREVIEWS = YES;
				GENERATE_INFOPLIST_FILE = NO;
				INFOPLIST_FILE = "WGJ-App-Info.plist";
				INFOPLIST_KEY_CFBundleDisplayName = "We Go Jim";
				INFOPLIST_KEY_LSApplicationCategoryType = "public.app-category.healthcare-fitness";
				IPHONEOS_DEPLOYMENT_TARGET = 17.0;
				LD_RUNPATH_SEARCH_PATHS = (
					"$(inherited)",
					"@executable_path/Frameworks",
				);
				MARKETING_VERSION = 1.1.0;
				PRODUCT_BUNDLE_IDENTIFIER = se.highball.WeGoJim;
				PRODUCT_NAME = "$(TARGET_NAME)";
				STRING_CATALOG_GENERATE_SYMBOLS = YES;
				SWIFT_APPROACHABLE_CONCURRENCY = YES;
				SWIFT_DEFAULT_ACTOR_ISOLATION = MainActor;
				SWIFT_EMIT_LOC_STRINGS = YES;
				SWIFT_UPCOMING_FEATURE_MEMBER_IMPORT_VISIBILITY = YES;
				SWIFT_VERSION = 5.0;
				TARGETED_DEVICE_FAMILY = "1,2";
				WGJ_APP_DISPLAY_NAME = "We Go Jim";
				WGJ_APP_ENVIRONMENT = production;
				WGJ_APP_GROUP_IDENTIFIER = group.se.highball.WeGoJim;
				WGJ_CLOUDKIT_CONTAINER_IDENTIFIER = iCloud.se.highball.WeGoJim;
				WGJ_REVENUECAT_API_KEY = appl_hLQVEpwIIHRMWePRAvutzpdrJcn;
			};
			name = Release;
		};
		C85A31EC2F367BAF00217B62 /* Debug */ = {
			isa = XCBuildConfiguration;
			buildSettings = {
				BUNDLE_LOADER = "$(TEST_HOST)";
				CODE_SIGN_STYLE = Automatic;
				CURRENT_PROJECT_VERSION = 1;
				DEVELOPMENT_TEAM = 4CHUW3PG2V;
				GENERATE_INFOPLIST_FILE = YES;
				IPHONEOS_DEPLOYMENT_TARGET = 17.0;
				MARKETING_VERSION = 1.0;
				PRODUCT_BUNDLE_IDENTIFIER = se.highball.WeGoJimTests;
				PRODUCT_NAME = "$(TARGET_NAME)";
				STRING_CATALOG_GENERATE_SYMBOLS = NO;
				SWIFT_APPROACHABLE_CONCURRENCY = YES;
				SWIFT_EMIT_LOC_STRINGS = NO;
				SWIFT_UPCOMING_FEATURE_MEMBER_IMPORT_VISIBILITY = YES;
				SWIFT_VERSION = 5.0;
				TARGETED_DEVICE_FAMILY = "1,2";
				TEST_HOST = "$(BUILT_PRODUCTS_DIR)/WGJ.app/$(BUNDLE_EXECUTABLE_FOLDER_PATH)/WGJ";
			};
			name = Debug;
		};
		C85A31ED2F367BAF00217B62 /* Release */ = {
			isa = XCBuildConfiguration;
			buildSettings = {
				BUNDLE_LOADER = "$(TEST_HOST)";
				CODE_SIGN_STYLE = Automatic;
				CURRENT_PROJECT_VERSION = 1;
				DEVELOPMENT_TEAM = 4CHUW3PG2V;
				GENERATE_INFOPLIST_FILE = YES;
				IPHONEOS_DEPLOYMENT_TARGET = 17.0;
				MARKETING_VERSION = 1.0;
				PRODUCT_BUNDLE_IDENTIFIER = se.highball.WeGoJimTests;
				PRODUCT_NAME = "$(TARGET_NAME)";
				STRING_CATALOG_GENERATE_SYMBOLS = NO;
				SWIFT_APPROACHABLE_CONCURRENCY = YES;
				SWIFT_EMIT_LOC_STRINGS = NO;
				SWIFT_UPCOMING_FEATURE_MEMBER_IMPORT_VISIBILITY = YES;
				SWIFT_VERSION = 5.0;
				TARGETED_DEVICE_FAMILY = "1,2";
				TEST_HOST = "$(BUILT_PRODUCTS_DIR)/WGJ.app/$(BUNDLE_EXECUTABLE_FOLDER_PATH)/WGJ";
			};
			name = Release;
		};
		C85A31EF2F367BAF00217B62 /* Debug */ = {
			isa = XCBuildConfiguration;
			buildSettings = {
				CODE_SIGN_STYLE = Automatic;
				CURRENT_PROJECT_VERSION = 1;
				DEVELOPMENT_TEAM = 4CHUW3PG2V;
				GENERATE_INFOPLIST_FILE = YES;
				IPHONEOS_DEPLOYMENT_TARGET = 17.0;
				MARKETING_VERSION = 1.0;
				PRODUCT_BUNDLE_IDENTIFIER = se.highball.WeGoJimUITests;
				PRODUCT_NAME = "$(TARGET_NAME)";
				STRING_CATALOG_GENERATE_SYMBOLS = NO;
				SWIFT_APPROACHABLE_CONCURRENCY = YES;
				SWIFT_EMIT_LOC_STRINGS = NO;
				SWIFT_UPCOMING_FEATURE_MEMBER_IMPORT_VISIBILITY = YES;
				SWIFT_VERSION = 5.0;
				TARGETED_DEVICE_FAMILY = "1,2";
				TEST_TARGET_NAME = WGJ;
			};
			name = Debug;
		};
		C85A31F02F367BAF00217B62 /* Release */ = {
			isa = XCBuildConfiguration;
			buildSettings = {
				CODE_SIGN_STYLE = Automatic;
				CURRENT_PROJECT_VERSION = 1;
				DEVELOPMENT_TEAM = 4CHUW3PG2V;
				GENERATE_INFOPLIST_FILE = YES;
				IPHONEOS_DEPLOYMENT_TARGET = 17.0;
				MARKETING_VERSION = 1.0;
				PRODUCT_BUNDLE_IDENTIFIER = se.highball.WeGoJimUITests;
				PRODUCT_NAME = "$(TARGET_NAME)";
				STRING_CATALOG_GENERATE_SYMBOLS = NO;
				SWIFT_APPROACHABLE_CONCURRENCY = YES;
				SWIFT_EMIT_LOC_STRINGS = NO;
				SWIFT_UPCOMING_FEATURE_MEMBER_IMPORT_VISIBILITY = YES;
				SWIFT_VERSION = 5.0;
				TARGETED_DEVICE_FAMILY = "1,2";
				TEST_TARGET_NAME = WGJ;
			};
			name = Release;
		};
/* End XCBuildConfiguration section */

/* Begin XCConfigurationList section */
		7FC12504937542229DAE903A /* Build configuration list for PBXNativeTarget "WGJWidgetExtension" */ = {
			isa = XCConfigurationList;
			buildConfigurations = (
				824D5823F5B54C90AC62EEE8 /* Debug */,
				542B8022FE984A7E85BC83BA /* Release */,
			);
			defaultConfigurationIsVisible = 0;
			defaultConfigurationName = Release;
		};
		C85A31C02F367BAE00217B62 /* Build configuration list for PBXProject "WGJ" */ = {
			isa = XCConfigurationList;
			buildConfigurations = (
				C85A31E62F367BAF00217B62 /* Debug */,
				C85A31E72F367BAF00217B62 /* Release */,
			);
			defaultConfigurationIsVisible = 0;
			defaultConfigurationName = Release;
		};
		C85A31E82F367BAF00217B62 /* Build configuration list for PBXNativeTarget "WGJ" */ = {
			isa = XCConfigurationList;
			buildConfigurations = (
				C85A31E92F367BAF00217B62 /* Debug */,
				C85A31EA2F367BAF00217B62 /* Release */,
			);
			defaultConfigurationIsVisible = 0;
			defaultConfigurationName = Release;
		};
		C85A31EB2F367BAF00217B62 /* Build configuration list for PBXNativeTarget "WGJTests" */ = {
			isa = XCConfigurationList;
			buildConfigurations = (
				C85A31EC2F367BAF00217B62 /* Debug */,
				C85A31ED2F367BAF00217B62 /* Release */,
			);
			defaultConfigurationIsVisible = 0;
			defaultConfigurationName = Release;
		};
		C85A31EE2F367BAF00217B62 /* Build configuration list for PBXNativeTarget "WGJUITests" */ = {
			isa = XCConfigurationList;
			buildConfigurations = (
				C85A31EF2F367BAF00217B62 /* Debug */,
				C85A31F02F367BAF00217B62 /* Release */,
			);
			defaultConfigurationIsVisible = 0;
			defaultConfigurationName = Release;
		};
/* End XCConfigurationList section */

/* Begin XCRemoteSwiftPackageReference section */
		C85A320F2F3AB00100217B62 /* XCRemoteSwiftPackageReference "MuscleMap" */ = {
			isa = XCRemoteSwiftPackageReference;
			repositoryURL = "https://github.com/melihcolpan/MuscleMap";
			requirement = {
				kind = upToNextMajorVersion;
				minimumVersion = 1.6.4;
			};
		};
		C85A32162F3AC00100217B62 /* XCRemoteSwiftPackageReference "purchases-ios-spm" */ = {
			isa = XCRemoteSwiftPackageReference;
			repositoryURL = "https://github.com/RevenueCat/purchases-ios-spm.git";
			requirement = {
				kind = upToNextMajorVersion;
				minimumVersion = 5.0.0;
			};
		};
/* End XCRemoteSwiftPackageReference section */

/* Begin XCSwiftPackageProductDependency section */
		C85A32102F3AB00100217B62 /* MuscleMap */ = {
			isa = XCSwiftPackageProductDependency;
			package = C85A320F2F3AB00100217B62 /* XCRemoteSwiftPackageReference "MuscleMap" */;
			productName = MuscleMap;
		};
		C85A32122F3AC00100217B62 /* RevenueCat */ = {
			isa = XCSwiftPackageProductDependency;
			package = C85A32162F3AC00100217B62 /* XCRemoteSwiftPackageReference "purchases-ios-spm" */;
			productName = RevenueCat;
		};
		C85A32132F3AC00100217B62 /* RevenueCatUI */ = {
			isa = XCSwiftPackageProductDependency;
			package = C85A32162F3AC00100217B62 /* XCRemoteSwiftPackageReference "purchases-ios-spm" */;
			productName = RevenueCatUI;
		};
/* End XCSwiftPackageProductDependency section */
	};
	rootObject = C85A31BD2F367BAE00217B62 /* Project object */;
}
