{
  "originHash" : "83ce07097337b2acc850960599eeaa08d98d371024b1cdc0a4b0dc7f4085dc1c",
  "pins" : [
    {
      "identity" : "musclemap",
      "kind" : "remoteSourceControl",
      "location" : "https://github.com/melihcolpan/MuscleMap",
      "state" : {
        "revision" : "7dc03071e03052e8bd4f6351e9176994cd28aa7d",
        "version" : "1.6.4"
      }
    },
    {
      "identity" : "purchases-ios-spm",
      "kind" : "remoteSourceControl",
      "location" : "https://github.com/RevenueCat/purchases-ios-spm.git",
      "state" : {
        "revision" : "8f5f5e1b95506f89524cdbb70bcaf096a6f6fcc2",
        "version" : "5.70.0"
      }
    }
  ],
  "version" : 3
}
