{
  "originHash" : "83ce07097337b2acc850960599eeaa08d98d371024b1cdc0a4b0dc7f4085dc1c",
  "pins" : [
    {
      "identity" : "musclemap",
      "kind" : "remoteSourceControl",
      "location" : "https://github.com/melihcolpan/MuscleMap",
      "state" : {
        "revision" : "7dc03071e03052e8bd4f6351e9176994cd28aa7d",
        "version" : "1.6.4"
      }
    }
  ],
  "version" : 3
}
